
Microsoft Visual Studio Solution File, Format Version 12.00
# Visual Studio 15
VisualStudioVersion = 15.0.27428.2037
MinimumVisualStudioVersion = 10.0.40219.1
Project("{2150E333-8FDC-42A3-9474-1A3956D46DE8}") = "01-Domain", "01-Domain", "{973722CE-5CC4-4ABD-8C91-A3DC05C3E037}"
EndProject
Project("{2150E333-8FDC-42A3-9474-1A3956D46DE8}") = "02-Application", "02-Application", "{A64134CE-6658-4C64-829F-32E10EF13A60}"
EndProject
Project("{2150E333-8FDC-42A3-9474-1A3956D46DE8}") = "03-Infrastructure", "03-Infrastructure", "{DA00C110-C118-4B13-9DE8-3545DCB16E5E}"
EndProject
Project("{9A19103F-16F7-4668-BE54-9A1E7A4F7556}") = "App.DataAccess", "src\App.DataAccess\App.DataAccess.csproj", "{F894E7C6-EBB2-4F55-ADD5-7D0E329BB458}"
EndProject
Project("{9A19103F-16F7-4668-BE54-9A1E7A4F7556}") = "App.Domain", "src\App.Domain\App.Domain.csproj", "{AA834B75-5E78-44E2-ABF4-190DEAD0D5C4}"
EndProject
Project("{9A19103F-16F7-4668-BE54-9A1E7A4F7556}") = "App.Application", "src\App.Application\App.Application.csproj", "{2DD58514-8575-461B-9ABA-9241EE534E8F}"
EndProject
Project("{E53339B2-1760-4266-BCC7-CA923CBCF16C}") = "docker", "docker.dcproj", "{8658407A-6553-4CE2-B817-3770CBF77C4D}"
EndProject
Project("{2150E333-8FDC-42A3-9474-1A3956D46DE8}") = "00-Docker", "00-Docker", "{43241FDB-AE6F-4086-8171-53784D4FE946}"
EndProject
Project("{9A19103F-16F7-4668-BE54-9A1E7A4F7556}") = "Host", "src\Host\Host.csproj", "{0C491291-0398-46C9-A489-98EC75EAB1E4}"
EndProject
Project("{2150E333-8FDC-42A3-9474-1A3956D46DE8}") = "04-API", "04-API", "{8D85A800-4B1A-454D-A3E2-191E7CBC2B65}"
EndProject
Project("{9A19103F-16F7-4668-BE54-9A1E7A4F7556}") = "App.Api", "src\App.Api\App.Api.csproj", "{903FB1FB-E0C9-44AA-8E38-D8ED77D9A040}"
EndProject
Global
	GlobalSection(SolutionConfigurationPlatforms) = preSolution
		Debug|Any CPU = Debug|Any CPU
		Release|Any CPU = Release|Any CPU
	EndGlobalSection
	GlobalSection(ProjectConfigurationPlatforms) = postSolution
		{F894E7C6-EBB2-4F55-ADD5-7D0E329BB458}.Debug|Any CPU.ActiveCfg = Debug|Any CPU
		{F894E7C6-EBB2-4F55-ADD5-7D0E329BB458}.Debug|Any CPU.Build.0 = Debug|Any CPU
		{F894E7C6-EBB2-4F55-ADD5-7D0E329BB458}.Release|Any CPU.ActiveCfg = Release|Any CPU
		{F894E7C6-EBB2-4F55-ADD5-7D0E329BB458}.Release|Any CPU.Build.0 = Release|Any CPU
		{AA834B75-5E78-44E2-ABF4-190DEAD0D5C4}.Debug|Any CPU.ActiveCfg = Debug|Any CPU
		{AA834B75-5E78-44E2-ABF4-190DEAD0D5C4}.Debug|Any CPU.Build.0 = Debug|Any CPU
		{AA834B75-5E78-44E2-ABF4-190DEAD0D5C4}.Release|Any CPU.ActiveCfg = Release|Any CPU
		{AA834B75-5E78-44E2-ABF4-190DEAD0D5C4}.Release|Any CPU.Build.0 = Release|Any CPU
		{2DD58514-8575-461B-9ABA-9241EE534E8F}.Debug|Any CPU.ActiveCfg = Debug|Any CPU
		{2DD58514-8575-461B-9ABA-9241EE534E8F}.Debug|Any CPU.Build.0 = Debug|Any CPU
		{2DD58514-8575-461B-9ABA-9241EE534E8F}.Release|Any CPU.ActiveCfg = Release|Any CPU
		{2DD58514-8575-461B-9ABA-9241EE534E8F}.Release|Any CPU.Build.0 = Release|Any CPU
		{8658407A-6553-4CE2-B817-3770CBF77C4D}.Debug|Any CPU.ActiveCfg = Debug|Any CPU
		{8658407A-6553-4CE2-B817-3770CBF77C4D}.Debug|Any CPU.Build.0 = Debug|Any CPU
		{8658407A-6553-4CE2-B817-3770CBF77C4D}.Release|Any CPU.ActiveCfg = Release|Any CPU
		{8658407A-6553-4CE2-B817-3770CBF77C4D}.Release|Any CPU.Build.0 = Release|Any CPU
		{0C491291-0398-46C9-A489-98EC75EAB1E4}.Debug|Any CPU.ActiveCfg = Debug|Any CPU
		{0C491291-0398-46C9-A489-98EC75EAB1E4}.Debug|Any CPU.Build.0 = Debug|Any CPU
		{0C491291-0398-46C9-A489-98EC75EAB1E4}.Release|Any CPU.ActiveCfg = Release|Any CPU
		{0C491291-0398-46C9-A489-98EC75EAB1E4}.Release|Any CPU.Build.0 = Release|Any CPU
		{903FB1FB-E0C9-44AA-8E38-D8ED77D9A040}.Debug|Any CPU.ActiveCfg = Debug|Any CPU
		{903FB1FB-E0C9-44AA-8E38-D8ED77D9A040}.Debug|Any CPU.Build.0 = Debug|Any CPU
		{903FB1FB-E0C9-44AA-8E38-D8ED77D9A040}.Release|Any CPU.ActiveCfg = Release|Any CPU
		{903FB1FB-E0C9-44AA-8E38-D8ED77D9A040}.Release|Any CPU.Build.0 = Release|Any CPU
	EndGlobalSection
	GlobalSection(SolutionProperties) = preSolution
		HideSolutionNode = FALSE
	EndGlobalSection
	GlobalSection(NestedProjects) = preSolution
		{F894E7C6-EBB2-4F55-ADD5-7D0E329BB458} = {DA00C110-C118-4B13-9DE8-3545DCB16E5E}
		{AA834B75-5E78-44E2-ABF4-190DEAD0D5C4} = {973722CE-5CC4-4ABD-8C91-A3DC05C3E037}
		{2DD58514-8575-461B-9ABA-9241EE534E8F} = {A64134CE-6658-4C64-829F-32E10EF13A60}
		{8658407A-6553-4CE2-B817-3770CBF77C4D} = {43241FDB-AE6F-4086-8171-53784D4FE946}
		{903FB1FB-E0C9-44AA-8E38-D8ED77D9A040} = {8D85A800-4B1A-454D-A3E2-191E7CBC2B65}
	EndGlobalSection
	GlobalSection(ExtensibilityGlobals) = postSolution
		SolutionGuid = {1F7EFF2C-6692-417B-B40E-7DD24A8DD0A6}
	EndGlobalSection
EndGlobal
